github.com/lib/pq v1.10.9 h1:YXG7RB+JIjhP29X+OtkiDnYaXQwpS4JEWq7dtCCRUEw=
github.com/lib/pq v1.10.9/go.mod h1:AlVN5x4E4T544tWzH6hKfbfQvm3HdbOxrmggDNAPY9o=
github.com/mattn/go-searchquery v0.0.0-20251228165728-790fffe5df31 h1:qFyFoXvb4lgyQYfLn2BQ4T1iwzjzpuqJeYBLZlMGoUw=
github.com/mattn/go-searchquery v0.0.0-20251228165728-790fffe5df31/go.mod h1:gku79NelSZpdtcRTD7tsWokOCzcG9T0+jyYUnbIikCY=
